
Microsoft Visual Studio Solution File, Format Version 12.00
# Visual Studio Version 17
VisualStudioVersion = 17.0.31919.166
MinimumVisualStudioVersion = 10.0.40219.1
Project("{9A19103F-16F7-4668-BE54-9A1E7A4F7556}") = "CaseritoApp.SmokeLib", "src\CaseritoApp.SmokeLib\CaseritoApp.SmokeLib.csproj", "{5E6032E2-39AF-4E32-A365-F5549999DF00}"
EndProject
Project("{2150E333-8FDC-42A3-9474-1A3956D46DE8}") = "tests", "tests", "{0AB3BF05-4346-4AA6-1389-037BE0695223}"
EndProject
Project("{FAE04EC0-301F-11D3-BF4B-00C04F79EFBC}") = "CaseritoApp.ArchitectureTests", "tests\CaseritoApp.ArchitectureTests\CaseritoApp.ArchitectureTests.csproj", "{54D38E8F-8F94-401E-908E-B9D2A1165604}"
EndProject
Project("{2150E333-8FDC-42A3-9474-1A3956D46DE8}") = "src", "src", "{827E0CD3-B72D-47B6-A68D-7590B98EB39B}"
EndProject
Project("{2150E333-8FDC-42A3-9474-1A3956D46DE8}") = "BuildingBlocks", "BuildingBlocks", "{90298CBA-BD6F-3A0A-69D5-97CAD7B05E7E}"
EndProject
Project("{FAE04EC0-301F-11D3-BF4B-00C04F79EFBC}") = "CaseritoApp.BuildingBlocks.Domain", "src\BuildingBlocks\CaseritoApp.BuildingBlocks.Domain\CaseritoApp.BuildingBlocks.Domain.csproj", "{9FA46D50-5FF3-4064-9A70-E3BFF5FAD88B}"
EndProject
Project("{FAE04EC0-301F-11D3-BF4B-00C04F79EFBC}") = "CaseritoApp.BuildingBlocks.Application", "src\BuildingBlocks\CaseritoApp.BuildingBlocks.Application\CaseritoApp.BuildingBlocks.Application.csproj", "{9661A5AC-DE97-47C2-9093-5604E6AB689D}"
EndProject
Project("{FAE04EC0-301F-11D3-BF4B-00C04F79EFBC}") = "CaseritoApp.BuildingBlocks.Contracts", "src\BuildingBlocks\CaseritoApp.BuildingBlocks.Contracts\CaseritoApp.BuildingBlocks.Contracts.csproj", "{29169503-9CAD-40E4-8687-D64EDB321AAC}"
EndProject
Project("{FAE04EC0-301F-11D3-BF4B-00C04F79EFBC}") = "CaseritoApp.BuildingBlocks.Infrastructure", "src\BuildingBlocks\CaseritoApp.BuildingBlocks.Infrastructure\CaseritoApp.BuildingBlocks.Infrastructure.csproj", "{916043F0-FFD1-4D0F-948F-B443CE28DD47}"
EndProject
Global
	GlobalSection(SolutionConfigurationPlatforms) = preSolution
		Debug|Any CPU = Debug|Any CPU
		Debug|x64 = Debug|x64
		Debug|x86 = Debug|x86
		Release|Any CPU = Release|Any CPU
		Release|x64 = Release|x64
		Release|x86 = Release|x86
	EndGlobalSection
	GlobalSection(ProjectConfigurationPlatforms) = postSolution
		{5E6032E2-39AF-4E32-A365-F5549999DF00}.Debug|Any CPU.ActiveCfg = Debug|Any CPU
		{5E6032E2-39AF-4E32-A365-F5549999DF00}.Debug|Any CPU.Build.0 = Debug|Any CPU
		{5E6032E2-39AF-4E32-A365-F5549999DF00}.Debug|x64.ActiveCfg = Debug|Any CPU
		{5E6032E2-39AF-4E32-A365-F5549999DF00}.Debug|x64.Build.0 = Debug|Any CPU
		{5E6032E2-39AF-4E32-A365-F5549999DF00}.Debug|x86.ActiveCfg = Debug|Any CPU
		{5E6032E2-39AF-4E32-A365-F5549999DF00}.Debug|x86.Build.0 = Debug|Any CPU
		{5E6032E2-39AF-4E32-A365-F5549999DF00}.Release|Any CPU.ActiveCfg = Release|Any CPU
		{5E6032E2-39AF-4E32-A365-F5549999DF00}.Release|Any CPU.Build.0 = Release|Any CPU
		{5E6032E2-39AF-4E32-A365-F5549999DF00}.Release|x64.ActiveCfg = Release|Any CPU
		{5E6032E2-39AF-4E32-A365-F5549999DF00}.Release|x64.Build.0 = Release|Any CPU
		{5E6032E2-39AF-4E32-A365-F5549999DF00}.Release|x86.ActiveCfg = Release|Any CPU
		{5E6032E2-39AF-4E32-A365-F5549999DF00}.Release|x86.Build.0 = Release|Any CPU
		{54D38E8F-8F94-401E-908E-B9D2A1165604}.Debug|Any CPU.ActiveCfg = Debug|Any CPU
		{54D38E8F-8F94-401E-908E-B9D2A1165604}.Debug|Any CPU.Build.0 = Debug|Any CPU
		{54D38E8F-8F94-401E-908E-B9D2A1165604}.Debug|x64.ActiveCfg = Debug|Any CPU
		{54D38E8F-8F94-401E-908E-B9D2A1165604}.Debug|x64.Build.0 = Debug|Any CPU
		{54D38E8F-8F94-401E-908E-B9D2A1165604}.Debug|x86.ActiveCfg = Debug|Any CPU
		{54D38E8F-8F94-401E-908E-B9D2A1165604}.Debug|x86.Build.0 = Debug|Any CPU
		{54D38E8F-8F94-401E-908E-B9D2A1165604}.Release|Any CPU.ActiveCfg = Release|Any CPU
		{54D38E8F-8F94-401E-908E-B9D2A1165604}.Release|Any CPU.Build.0 = Release|Any CPU
		{54D38E8F-8F94-401E-908E-B9D2A1165604}.Release|x64.ActiveCfg = Release|Any CPU
		{54D38E8F-8F94-401E-908E-B9D2A1165604}.Release|x64.Build.0 = Release|Any CPU
		{54D38E8F-8F94-401E-908E-B9D2A1165604}.Release|x86.ActiveCfg = Release|Any CPU
		{54D38E8F-8F94-401E-908E-B9D2A1165604}.Release|x86.Build.0 = Release|Any CPU
		{9FA46D50-5FF3-4064-9A70-E3BFF5FAD88B}.Debug|Any CPU.ActiveCfg = Debug|Any CPU
		{9FA46D50-5FF3-4064-9A70-E3BFF5FAD88B}.Debug|Any CPU.Build.0 = Debug|Any CPU
		{9FA46D50-5FF3-4064-9A70-E3BFF5FAD88B}.Debug|x64.ActiveCfg = Debug|Any CPU
		{9FA46D50-5FF3-4064-9A70-E3BFF5FAD88B}.Debug|x64.Build.0 = Debug|Any CPU
		{9FA46D50-5FF3-4064-9A70-E3BFF5FAD88B}.Debug|x86.ActiveCfg = Debug|Any CPU
		{9FA46D50-5FF3-4064-9A70-E3BFF5FAD88B}.Debug|x86.Build.0 = Debug|Any CPU
		{9FA46D50-5FF3-4064-9A70-E3BFF5FAD88B}.Release|Any CPU.ActiveCfg = Release|Any CPU
		{9FA46D50-5FF3-4064-9A70-E3BFF5FAD88B}.Release|Any CPU.Build.0 = Release|Any CPU
		{9FA46D50-5FF3-4064-9A70-E3BFF5FAD88B}.Release|x64.ActiveCfg = Release|Any CPU
		{9FA46D50-5FF3-4064-9A70-E3BFF5FAD88B}.Release|x64.Build.0 = Release|Any CPU
		{9FA46D50-5FF3-4064-9A70-E3BFF5FAD88B}.Release|x86.ActiveCfg = Release|Any CPU
		{9FA46D50-5FF3-4064-9A70-E3BFF5FAD88B}.Release|x86.Build.0 = Release|Any CPU
		{9661A5AC-DE97-47C2-9093-5604E6AB689D}.Debug|Any CPU.ActiveCfg = Debug|Any CPU
		{9661A5AC-DE97-47C2-9093-5604E6AB689D}.Debug|Any CPU.Build.0 = Debug|Any CPU
		{9661A5AC-DE97-47C2-9093-5604E6AB689D}.Debug|x64.ActiveCfg = Debug|Any CPU
		{9661A5AC-DE97-47C2-9093-5604E6AB689D}.Debug|x64.Build.0 = Debug|Any CPU
		{9661A5AC-DE97-47C2-9093-5604E6AB689D}.Debug|x86.ActiveCfg = Debug|Any CPU
		{9661A5AC-DE97-47C2-9093-5604E6AB689D}.Debug|x86.Build.0 = Debug|Any CPU
		{9661A5AC-DE97-47C2-9093-5604E6AB689D}.Release|Any CPU.ActiveCfg = Release|Any CPU
		{9661A5AC-DE97-47C2-9093-5604E6AB689D}.Release|Any CPU.Build.0 = Release|Any CPU
		{9661A5AC-DE97-47C2-9093-5604E6AB689D}.Release|x64.ActiveCfg = Release|Any CPU
		{9661A5AC-DE97-47C2-9093-5604E6AB689D}.Release|x64.Build.0 = Release|Any CPU
		{9661A5AC-DE97-47C2-9093-5604E6AB689D}.Release|x86.ActiveCfg = Release|Any CPU
		{9661A5AC-DE97-47C2-9093-5604E6AB689D}.Release|x86.Build.0 = Release|Any CPU
		{29169503-9CAD-40E4-8687-D64EDB321AAC}.Debug|Any CPU.ActiveCfg = Debug|Any CPU
		{29169503-9CAD-40E4-8687-D64EDB321AAC}.Debug|Any CPU.Build.0 = Debug|Any CPU
		{29169503-9CAD-40E4-8687-D64EDB321AAC}.Debug|x64.ActiveCfg = Debug|Any CPU
		{29169503-9CAD-40E4-8687-D64EDB321AAC}.Debug|x64.Build.0 = Debug|Any CPU
		{29169503-9CAD-40E4-8687-D64EDB321AAC}.Debug|x86.ActiveCfg = Debug|Any CPU
		{29169503-9CAD-40E4-8687-D64EDB321AAC}.Debug|x86.Build.0 = Debug|Any CPU
		{29169503-9CAD-40E4-8687-D64EDB321AAC}.Release|Any CPU.ActiveCfg = Release|Any CPU
		{29169503-9CAD-40E4-8687-D64EDB321AAC}.Release|Any CPU.Build.0 = Release|Any CPU
		{29169503-9CAD-40E4-8687-D64EDB321AAC}.Release|x64.ActiveCfg = Release|Any CPU
		{29169503-9CAD-40E4-8687-D64EDB321AAC}.Release|x64.Build.0 = Release|Any CPU
		{29169503-9CAD-40E4-8687-D64EDB321AAC}.Release|x86.ActiveCfg = Release|Any CPU
		{29169503-9CAD-40E4-8687-D64EDB321AAC}.Release|x86.Build.0 = Release|Any CPU
		{916043F0-FFD1-4D0F-948F-B443CE28DD47}.Debug|Any CPU.ActiveCfg = Debug|Any CPU
		{916043F0-FFD1-4D0F-948F-B443CE28DD47}.Debug|Any CPU.Build.0 = Debug|Any CPU
		{916043F0-FFD1-4D0F-948F-B443CE28DD47}.Debug|x64.ActiveCfg = Debug|Any CPU
		{916043F0-FFD1-4D0F-948F-B443CE28DD47}.Debug|x64.Build.0 = Debug|Any CPU
		{916043F0-FFD1-4D0F-948F-B443CE28DD47}.Debug|x86.ActiveCfg = Debug|Any CPU
		{916043F0-FFD1-4D0F-948F-B443CE28DD47}.Debug|x86.Build.0 = Debug|Any CPU
		{916043F0-FFD1-4D0F-948F-B443CE28DD47}.Release|Any CPU.ActiveCfg = Release|Any CPU
		{916043F0-FFD1-4D0F-948F-B443CE28DD47}.Release|Any CPU.Build.0 = Release|Any CPU
		{916043F0-FFD1-4D0F-948F-B443CE28DD47}.Release|x64.ActiveCfg = Release|Any CPU
		{916043F0-FFD1-4D0F-948F-B443CE28DD47}.Release|x64.Build.0 = Release|Any CPU
		{916043F0-FFD1-4D0F-948F-B443CE28DD47}.Release|x86.ActiveCfg = Release|Any CPU
		{916043F0-FFD1-4D0F-948F-B443CE28DD47}.Release|x86.Build.0 = Release|Any CPU
	EndGlobalSection
	GlobalSection(SolutionProperties) = preSolution
		HideSolutionNode = FALSE
	EndGlobalSection
	GlobalSection(NestedProjects) = preSolution
		{54D38E8F-8F94-401E-908E-B9D2A1165604} = {0AB3BF05-4346-4AA6-1389-037BE0695223}
		{90298CBA-BD6F-3A0A-69D5-97CAD7B05E7E} = {827E0CD3-B72D-47B6-A68D-7590B98EB39B}
		{9FA46D50-5FF3-4064-9A70-E3BFF5FAD88B} = {90298CBA-BD6F-3A0A-69D5-97CAD7B05E7E}
		{9661A5AC-DE97-47C2-9093-5604E6AB689D} = {90298CBA-BD6F-3A0A-69D5-97CAD7B05E7E}
		{29169503-9CAD-40E4-8687-D64EDB321AAC} = {90298CBA-BD6F-3A0A-69D5-97CAD7B05E7E}
		{916043F0-FFD1-4D0F-948F-B443CE28DD47} = {90298CBA-BD6F-3A0A-69D5-97CAD7B05E7E}
	EndGlobalSection
EndGlobal
