
Microsoft Visual Studio Solution File, Format Version 12.00
# Visual Studio Version 17
VisualStudioVersion = 17.0.31919.166
MinimumVisualStudioVersion = 10.0.40219.1
Project("{2150E333-8FDC-42A3-9474-1A3956D46DE8}") = "tests", "tests", "{0AB3BF05-4346-4AA6-1389-037BE0695223}"
EndProject
Project("{FAE04EC0-301F-11D3-BF4B-00C04F79EFBC}") = "CaseritoApp.ArchitectureTests", "tests\CaseritoApp.ArchitectureTests\CaseritoApp.ArchitectureTests.csproj", "{54D38E8F-8F94-401E-908E-B9D2A1165604}"
EndProject
Project("{2150E333-8FDC-42A3-9474-1A3956D46DE8}") = "src", "src", "{827E0CD3-B72D-47B6-A68D-7590B98EB39B}"
EndProject
Project("{2150E333-8FDC-42A3-9474-1A3956D46DE8}") = "BuildingBlocks", "BuildingBlocks", "{90298CBA-BD6F-3A0A-69D5-97CAD7B05E7E}"
EndProject
Project("{FAE04EC0-301F-11D3-BF4B-00C04F79EFBC}") = "CaseritoApp.BuildingBlocks.Domain", "src\BuildingBlocks\CaseritoApp.BuildingBlocks.Domain\CaseritoApp.BuildingBlocks.Domain.csproj", "{9FA46D50-5FF3-4064-9A70-E3BFF5FAD88B}"
EndProject
Project("{FAE04EC0-301F-11D3-BF4B-00C04F79EFBC}") = "CaseritoApp.BuildingBlocks.Application", "src\BuildingBlocks\CaseritoApp.BuildingBlocks.Application\CaseritoApp.BuildingBlocks.Application.csproj", "{9661A5AC-DE97-47C2-9093-5604E6AB689D}"
EndProject
Project("{FAE04EC0-301F-11D3-BF4B-00C04F79EFBC}") = "CaseritoApp.BuildingBlocks.Contracts", "src\BuildingBlocks\CaseritoApp.BuildingBlocks.Contracts\CaseritoApp.BuildingBlocks.Contracts.csproj", "{29169503-9CAD-40E4-8687-D64EDB321AAC}"
EndProject
Project("{FAE04EC0-301F-11D3-BF4B-00C04F79EFBC}") = "CaseritoApp.BuildingBlocks.Infrastructure", "src\BuildingBlocks\CaseritoApp.BuildingBlocks.Infrastructure\CaseritoApp.BuildingBlocks.Infrastructure.csproj", "{916043F0-FFD1-4D0F-948F-B443CE28DD47}"
EndProject
Project("{2150E333-8FDC-42A3-9474-1A3956D46DE8}") = "Identity", "Identity", "{65ABFB5D-2B10-DF64-BF12-C17976F8E5D9}"
EndProject
Project("{FAE04EC0-301F-11D3-BF4B-00C04F79EFBC}") = "CaseritoApp.Identity.Domain", "src\Identity\CaseritoApp.Identity.Domain\CaseritoApp.Identity.Domain.csproj", "{9A1656C9-6B19-43E5-96DD-50EBFE428307}"
EndProject
Project("{FAE04EC0-301F-11D3-BF4B-00C04F79EFBC}") = "CaseritoApp.Identity.Application", "src\Identity\CaseritoApp.Identity.Application\CaseritoApp.Identity.Application.csproj", "{526E9F27-0DE4-4A9B-B43C-80CBAFED5486}"
EndProject
Project("{FAE04EC0-301F-11D3-BF4B-00C04F79EFBC}") = "CaseritoApp.Identity.Infrastructure", "src\Identity\CaseritoApp.Identity.Infrastructure\CaseritoApp.Identity.Infrastructure.csproj", "{87FD785C-25B1-4B69-93A1-174B12789646}"
EndProject
Project("{2150E333-8FDC-42A3-9474-1A3956D46DE8}") = "Catalog", "Catalog", "{AE156C2D-CEB6-2932-52E1-7BB3F5577BA2}"
EndProject
Project("{FAE04EC0-301F-11D3-BF4B-00C04F79EFBC}") = "CaseritoApp.Catalog.Domain", "src\Catalog\CaseritoApp.Catalog.Domain\CaseritoApp.Catalog.Domain.csproj", "{A58477B4-4464-423A-AA1A-FC57CD87C9D4}"
EndProject
Project("{FAE04EC0-301F-11D3-BF4B-00C04F79EFBC}") = "CaseritoApp.Catalog.Application", "src\Catalog\CaseritoApp.Catalog.Application\CaseritoApp.Catalog.Application.csproj", "{ABB634C0-1013-4DF0-8623-B2D59FB4E39B}"
EndProject
Project("{FAE04EC0-301F-11D3-BF4B-00C04F79EFBC}") = "CaseritoApp.Catalog.Infrastructure", "src\Catalog\CaseritoApp.Catalog.Infrastructure\CaseritoApp.Catalog.Infrastructure.csproj", "{8C55E575-D65A-4652-9F02-5D2491D8E93B}"
EndProject
Project("{2150E333-8FDC-42A3-9474-1A3956D46DE8}") = "Chat", "Chat", "{7543EF87-2A12-D9F5-3A53-948826DFDDD9}"
EndProject
Project("{FAE04EC0-301F-11D3-BF4B-00C04F79EFBC}") = "CaseritoApp.Chat.Domain", "src\Chat\CaseritoApp.Chat.Domain\CaseritoApp.Chat.Domain.csproj", "{7E2BBEE4-0E4D-4A18-A3DC-17667F791932}"
EndProject
Project("{FAE04EC0-301F-11D3-BF4B-00C04F79EFBC}") = "CaseritoApp.Chat.Application", "src\Chat\CaseritoApp.Chat.Application\CaseritoApp.Chat.Application.csproj", "{FA2E5044-DAA6-4F61-ACD5-DCFEDF4F1E8D}"
EndProject
Project("{FAE04EC0-301F-11D3-BF4B-00C04F79EFBC}") = "CaseritoApp.Chat.Infrastructure", "src\Chat\CaseritoApp.Chat.Infrastructure\CaseritoApp.Chat.Infrastructure.csproj", "{9826DEE3-7355-48E4-9C68-2121D97CCB17}"
EndProject
Project("{2150E333-8FDC-42A3-9474-1A3956D46DE8}") = "Orders", "Orders", "{45BE73D8-A922-BF65-E93E-EB66F4095ABC}"
EndProject
Project("{FAE04EC0-301F-11D3-BF4B-00C04F79EFBC}") = "CaseritoApp.Orders.Domain", "src\Orders\CaseritoApp.Orders.Domain\CaseritoApp.Orders.Domain.csproj", "{1AE37793-299F-4238-88D8-DB41429424EA}"
EndProject
Project("{FAE04EC0-301F-11D3-BF4B-00C04F79EFBC}") = "CaseritoApp.Orders.Application", "src\Orders\CaseritoApp.Orders.Application\CaseritoApp.Orders.Application.csproj", "{13496584-258E-438A-B7A9-FF993E5BAC67}"
EndProject
Project("{FAE04EC0-301F-11D3-BF4B-00C04F79EFBC}") = "CaseritoApp.Orders.Infrastructure", "src\Orders\CaseritoApp.Orders.Infrastructure\CaseritoApp.Orders.Infrastructure.csproj", "{7BDCB13F-2D52-4B51-9A8E-C4B4F2785BA1}"
EndProject
Project("{2150E333-8FDC-42A3-9474-1A3956D46DE8}") = "Reputation", "Reputation", "{0DC9AC03-3566-2880-CCA1-BCAAB3E088B1}"
EndProject
Project("{FAE04EC0-301F-11D3-BF4B-00C04F79EFBC}") = "CaseritoApp.Reputation.Domain", "src\Reputation\CaseritoApp.Reputation.Domain\CaseritoApp.Reputation.Domain.csproj", "{26EF9F3A-1E9A-4A77-9249-2C25C4D7943D}"
EndProject
Project("{FAE04EC0-301F-11D3-BF4B-00C04F79EFBC}") = "CaseritoApp.Reputation.Application", "src\Reputation\CaseritoApp.Reputation.Application\CaseritoApp.Reputation.Application.csproj", "{0974A61B-752F-44E0-93B5-D1F69C1F902D}"
EndProject
Project("{FAE04EC0-301F-11D3-BF4B-00C04F79EFBC}") = "CaseritoApp.Reputation.Infrastructure", "src\Reputation\CaseritoApp.Reputation.Infrastructure\CaseritoApp.Reputation.Infrastructure.csproj", "{A0EAD763-34D7-46B0-8EAB-849E93ABA4AF}"
EndProject
Project("{2150E333-8FDC-42A3-9474-1A3956D46DE8}") = "Notifications", "Notifications", "{A504C204-FD22-942F-D65C-55CCF1DF20A3}"
EndProject
Project("{FAE04EC0-301F-11D3-BF4B-00C04F79EFBC}") = "CaseritoApp.Notifications.Domain", "src\Notifications\CaseritoApp.Notifications.Domain\CaseritoApp.Notifications.Domain.csproj", "{C82FB58E-ED40-4315-AD26-FF0C10BFD35E}"
EndProject
Project("{FAE04EC0-301F-11D3-BF4B-00C04F79EFBC}") = "CaseritoApp.Notifications.Application", "src\Notifications\CaseritoApp.Notifications.Application\CaseritoApp.Notifications.Application.csproj", "{897D4231-DFB2-4842-A96B-5BF7BEE31569}"
EndProject
Project("{FAE04EC0-301F-11D3-BF4B-00C04F79EFBC}") = "CaseritoApp.Notifications.Infrastructure", "src\Notifications\CaseritoApp.Notifications.Infrastructure\CaseritoApp.Notifications.Infrastructure.csproj", "{588293EE-8A05-44C5-9D56-41E57FECC2C4}"
EndProject
Global
	GlobalSection(SolutionConfigurationPlatforms) = preSolution
		Debug|Any CPU = Debug|Any CPU
		Debug|x64 = Debug|x64
		Debug|x86 = Debug|x86
		Release|Any CPU = Release|Any CPU
		Release|x64 = Release|x64
		Release|x86 = Release|x86
	EndGlobalSection
	GlobalSection(ProjectConfigurationPlatforms) = postSolution
		{54D38E8F-8F94-401E-908E-B9D2A1165604}.Debug|Any CPU.ActiveCfg = Debug|Any CPU
		{54D38E8F-8F94-401E-908E-B9D2A1165604}.Debug|Any CPU.Build.0 = Debug|Any CPU
		{54D38E8F-8F94-401E-908E-B9D2A1165604}.Debug|x64.ActiveCfg = Debug|Any CPU
		{54D38E8F-8F94-401E-908E-B9D2A1165604}.Debug|x64.Build.0 = Debug|Any CPU
		{54D38E8F-8F94-401E-908E-B9D2A1165604}.Debug|x86.ActiveCfg = Debug|Any CPU
		{54D38E8F-8F94-401E-908E-B9D2A1165604}.Debug|x86.Build.0 = Debug|Any CPU
		{54D38E8F-8F94-401E-908E-B9D2A1165604}.Release|Any CPU.ActiveCfg = Release|Any CPU
		{54D38E8F-8F94-401E-908E-B9D2A1165604}.Release|Any CPU.Build.0 = Release|Any CPU
		{54D38E8F-8F94-401E-908E-B9D2A1165604}.Release|x64.ActiveCfg = Release|Any CPU
		{54D38E8F-8F94-401E-908E-B9D2A1165604}.Release|x64.Build.0 = Release|Any CPU
		{54D38E8F-8F94-401E-908E-B9D2A1165604}.Release|x86.ActiveCfg = Release|Any CPU
		{54D38E8F-8F94-401E-908E-B9D2A1165604}.Release|x86.Build.0 = Release|Any CPU
		{9FA46D50-5FF3-4064-9A70-E3BFF5FAD88B}.Debug|Any CPU.ActiveCfg = Debug|Any CPU
		{9FA46D50-5FF3-4064-9A70-E3BFF5FAD88B}.Debug|Any CPU.Build.0 = Debug|Any CPU
		{9FA46D50-5FF3-4064-9A70-E3BFF5FAD88B}.Debug|x64.ActiveCfg = Debug|Any CPU
		{9FA46D50-5FF3-4064-9A70-E3BFF5FAD88B}.Debug|x64.Build.0 = Debug|Any CPU
		{9FA46D50-5FF3-4064-9A70-E3BFF5FAD88B}.Debug|x86.ActiveCfg = Debug|Any CPU
		{9FA46D50-5FF3-4064-9A70-E3BFF5FAD88B}.Debug|x86.Build.0 = Debug|Any CPU
		{9FA46D50-5FF3-4064-9A70-E3BFF5FAD88B}.Release|Any CPU.ActiveCfg = Release|Any CPU
		{9FA46D50-5FF3-4064-9A70-E3BFF5FAD88B}.Release|Any CPU.Build.0 = Release|Any CPU
		{9FA46D50-5FF3-4064-9A70-E3BFF5FAD88B}.Release|x64.ActiveCfg = Release|Any CPU
		{9FA46D50-5FF3-4064-9A70-E3BFF5FAD88B}.Release|x64.Build.0 = Release|Any CPU
		{9FA46D50-5FF3-4064-9A70-E3BFF5FAD88B}.Release|x86.ActiveCfg = Release|Any CPU
		{9FA46D50-5FF3-4064-9A70-E3BFF5FAD88B}.Release|x86.Build.0 = Release|Any CPU
		{9661A5AC-DE97-47C2-9093-5604E6AB689D}.Debug|Any CPU.ActiveCfg = Debug|Any CPU
		{9661A5AC-DE97-47C2-9093-5604E6AB689D}.Debug|Any CPU.Build.0 = Debug|Any CPU
		{9661A5AC-DE97-47C2-9093-5604E6AB689D}.Debug|x64.ActiveCfg = Debug|Any CPU
		{9661A5AC-DE97-47C2-9093-5604E6AB689D}.Debug|x64.Build.0 = Debug|Any CPU
		{9661A5AC-DE97-47C2-9093-5604E6AB689D}.Debug|x86.ActiveCfg = Debug|Any CPU
		{9661A5AC-DE97-47C2-9093-5604E6AB689D}.Debug|x86.Build.0 = Debug|Any CPU
		{9661A5AC-DE97-47C2-9093-5604E6AB689D}.Release|Any CPU.ActiveCfg = Release|Any CPU
		{9661A5AC-DE97-47C2-9093-5604E6AB689D}.Release|Any CPU.Build.0 = Release|Any CPU
		{9661A5AC-DE97-47C2-9093-5604E6AB689D}.Release|x64.ActiveCfg = Release|Any CPU
		{9661A5AC-DE97-47C2-9093-5604E6AB689D}.Release|x64.Build.0 = Release|Any CPU
		{9661A5AC-DE97-47C2-9093-5604E6AB689D}.Release|x86.ActiveCfg = Release|Any CPU
		{9661A5AC-DE97-47C2-9093-5604E6AB689D}.Release|x86.Build.0 = Release|Any CPU
		{29169503-9CAD-40E4-8687-D64EDB321AAC}.Debug|Any CPU.ActiveCfg = Debug|Any CPU
		{29169503-9CAD-40E4-8687-D64EDB321AAC}.Debug|Any CPU.Build.0 = Debug|Any CPU
		{29169503-9CAD-40E4-8687-D64EDB321AAC}.Debug|x64.ActiveCfg = Debug|Any CPU
		{29169503-9CAD-40E4-8687-D64EDB321AAC}.Debug|x64.Build.0 = Debug|Any CPU
		{29169503-9CAD-40E4-8687-D64EDB321AAC}.Debug|x86.ActiveCfg = Debug|Any CPU
		{29169503-9CAD-40E4-8687-D64EDB321AAC}.Debug|x86.Build.0 = Debug|Any CPU
		{29169503-9CAD-40E4-8687-D64EDB321AAC}.Release|Any CPU.ActiveCfg = Release|Any CPU
		{29169503-9CAD-40E4-8687-D64EDB321AAC}.Release|Any CPU.Build.0 = Release|Any CPU
		{29169503-9CAD-40E4-8687-D64EDB321AAC}.Release|x64.ActiveCfg = Release|Any CPU
		{29169503-9CAD-40E4-8687-D64EDB321AAC}.Release|x64.Build.0 = Release|Any CPU
		{29169503-9CAD-40E4-8687-D64EDB321AAC}.Release|x86.ActiveCfg = Release|Any CPU
		{29169503-9CAD-40E4-8687-D64EDB321AAC}.Release|x86.Build.0 = Release|Any CPU
		{916043F0-FFD1-4D0F-948F-B443CE28DD47}.Debug|Any CPU.ActiveCfg = Debug|Any CPU
		{916043F0-FFD1-4D0F-948F-B443CE28DD47}.Debug|Any CPU.Build.0 = Debug|Any CPU
		{916043F0-FFD1-4D0F-948F-B443CE28DD47}.Debug|x64.ActiveCfg = Debug|Any CPU
		{916043F0-FFD1-4D0F-948F-B443CE28DD47}.Debug|x64.Build.0 = Debug|Any CPU
		{916043F0-FFD1-4D0F-948F-B443CE28DD47}.Debug|x86.ActiveCfg = Debug|Any CPU
		{916043F0-FFD1-4D0F-948F-B443CE28DD47}.Debug|x86.Build.0 = Debug|Any CPU
		{916043F0-FFD1-4D0F-948F-B443CE28DD47}.Release|Any CPU.ActiveCfg = Release|Any CPU
		{916043F0-FFD1-4D0F-948F-B443CE28DD47}.Release|Any CPU.Build.0 = Release|Any CPU
		{916043F0-FFD1-4D0F-948F-B443CE28DD47}.Release|x64.ActiveCfg = Release|Any CPU
		{916043F0-FFD1-4D0F-948F-B443CE28DD47}.Release|x64.Build.0 = Release|Any CPU
		{916043F0-FFD1-4D0F-948F-B443CE28DD47}.Release|x86.ActiveCfg = Release|Any CPU
		{916043F0-FFD1-4D0F-948F-B443CE28DD47}.Release|x86.Build.0 = Release|Any CPU
		{9A1656C9-6B19-43E5-96DD-50EBFE428307}.Debug|Any CPU.ActiveCfg = Debug|Any CPU
		{9A1656C9-6B19-43E5-96DD-50EBFE428307}.Debug|Any CPU.Build.0 = Debug|Any CPU
		{9A1656C9-6B19-43E5-96DD-50EBFE428307}.Debug|x64.ActiveCfg = Debug|Any CPU
		{9A1656C9-6B19-43E5-96DD-50EBFE428307}.Debug|x64.Build.0 = Debug|Any CPU
		{9A1656C9-6B19-43E5-96DD-50EBFE428307}.Debug|x86.ActiveCfg = Debug|Any CPU
		{9A1656C9-6B19-43E5-96DD-50EBFE428307}.Debug|x86.Build.0 = Debug|Any CPU
		{9A1656C9-6B19-43E5-96DD-50EBFE428307}.Release|Any CPU.ActiveCfg = Release|Any CPU
		{9A1656C9-6B19-43E5-96DD-50EBFE428307}.Release|Any CPU.Build.0 = Release|Any CPU
		{9A1656C9-6B19-43E5-96DD-50EBFE428307}.Release|x64.ActiveCfg = Release|Any CPU
		{9A1656C9-6B19-43E5-96DD-50EBFE428307}.Release|x64.Build.0 = Release|Any CPU
		{9A1656C9-6B19-43E5-96DD-50EBFE428307}.Release|x86.ActiveCfg = Release|Any CPU
		{9A1656C9-6B19-43E5-96DD-50EBFE428307}.Release|x86.Build.0 = Release|Any CPU
		{526E9F27-0DE4-4A9B-B43C-80CBAFED5486}.Debug|Any CPU.ActiveCfg = Debug|Any CPU
		{526E9F27-0DE4-4A9B-B43C-80CBAFED5486}.Debug|Any CPU.Build.0 = Debug|Any CPU
		{526E9F27-0DE4-4A9B-B43C-80CBAFED5486}.Debug|x64.ActiveCfg = Debug|Any CPU
		{526E9F27-0DE4-4A9B-B43C-80CBAFED5486}.Debug|x64.Build.0 = Debug|Any CPU
		{526E9F27-0DE4-4A9B-B43C-80CBAFED5486}.Debug|x86.ActiveCfg = Debug|Any CPU
		{526E9F27-0DE4-4A9B-B43C-80CBAFED5486}.Debug|x86.Build.0 = Debug|Any CPU
		{526E9F27-0DE4-4A9B-B43C-80CBAFED5486}.Release|Any CPU.ActiveCfg = Release|Any CPU
		{526E9F27-0DE4-4A9B-B43C-80CBAFED5486}.Release|Any CPU.Build.0 = Release|Any CPU
		{526E9F27-0DE4-4A9B-B43C-80CBAFED5486}.Release|x64.ActiveCfg = Release|Any CPU
		{526E9F27-0DE4-4A9B-B43C-80CBAFED5486}.Release|x64.Build.0 = Release|Any CPU
		{526E9F27-0DE4-4A9B-B43C-80CBAFED5486}.Release|x86.ActiveCfg = Release|Any CPU
		{526E9F27-0DE4-4A9B-B43C-80CBAFED5486}.Release|x86.Build.0 = Release|Any CPU
		{87FD785C-25B1-4B69-93A1-174B12789646}.Debug|Any CPU.ActiveCfg = Debug|Any CPU
		{87FD785C-25B1-4B69-93A1-174B12789646}.Debug|Any CPU.Build.0 = Debug|Any CPU
		{87FD785C-25B1-4B69-93A1-174B12789646}.Debug|x64.ActiveCfg = Debug|Any CPU
		{87FD785C-25B1-4B69-93A1-174B12789646}.Debug|x64.Build.0 = Debug|Any CPU
		{87FD785C-25B1-4B69-93A1-174B12789646}.Debug|x86.ActiveCfg = Debug|Any CPU
		{87FD785C-25B1-4B69-93A1-174B12789646}.Debug|x86.Build.0 = Debug|Any CPU
		{87FD785C-25B1-4B69-93A1-174B12789646}.Release|Any CPU.ActiveCfg = Release|Any CPU
		{87FD785C-25B1-4B69-93A1-174B12789646}.Release|Any CPU.Build.0 = Release|Any CPU
		{87FD785C-25B1-4B69-93A1-174B12789646}.Release|x64.ActiveCfg = Release|Any CPU
		{87FD785C-25B1-4B69-93A1-174B12789646}.Release|x64.Build.0 = Release|Any CPU
		{87FD785C-25B1-4B69-93A1-174B12789646}.Release|x86.ActiveCfg = Release|Any CPU
		{87FD785C-25B1-4B69-93A1-174B12789646}.Release|x86.Build.0 = Release|Any CPU
		{A58477B4-4464-423A-AA1A-FC57CD87C9D4}.Debug|Any CPU.ActiveCfg = Debug|Any CPU
		{A58477B4-4464-423A-AA1A-FC57CD87C9D4}.Debug|Any CPU.Build.0 = Debug|Any CPU
		{A58477B4-4464-423A-AA1A-FC57CD87C9D4}.Debug|x64.ActiveCfg = Debug|Any CPU
		{A58477B4-4464-423A-AA1A-FC57CD87C9D4}.Debug|x64.Build.0 = Debug|Any CPU
		{A58477B4-4464-423A-AA1A-FC57CD87C9D4}.Debug|x86.ActiveCfg = Debug|Any CPU
		{A58477B4-4464-423A-AA1A-FC57CD87C9D4}.Debug|x86.Build.0 = Debug|Any CPU
		{A58477B4-4464-423A-AA1A-FC57CD87C9D4}.Release|Any CPU.ActiveCfg = Release|Any CPU
		{A58477B4-4464-423A-AA1A-FC57CD87C9D4}.Release|Any CPU.Build.0 = Release|Any CPU
		{A58477B4-4464-423A-AA1A-FC57CD87C9D4}.Release|x64.ActiveCfg = Release|Any CPU
		{A58477B4-4464-423A-AA1A-FC57CD87C9D4}.Release|x64.Build.0 = Release|Any CPU
		{A58477B4-4464-423A-AA1A-FC57CD87C9D4}.Release|x86.ActiveCfg = Release|Any CPU
		{A58477B4-4464-423A-AA1A-FC57CD87C9D4}.Release|x86.Build.0 = Release|Any CPU
		{ABB634C0-1013-4DF0-8623-B2D59FB4E39B}.Debug|Any CPU.ActiveCfg = Debug|Any CPU
		{ABB634C0-1013-4DF0-8623-B2D59FB4E39B}.Debug|Any CPU.Build.0 = Debug|Any CPU
		{ABB634C0-1013-4DF0-8623-B2D59FB4E39B}.Debug|x64.ActiveCfg = Debug|Any CPU
		{ABB634C0-1013-4DF0-8623-B2D59FB4E39B}.Debug|x64.Build.0 = Debug|Any CPU
		{ABB634C0-1013-4DF0-8623-B2D59FB4E39B}.Debug|x86.ActiveCfg = Debug|Any CPU
		{ABB634C0-1013-4DF0-8623-B2D59FB4E39B}.Debug|x86.Build.0 = Debug|Any CPU
		{ABB634C0-1013-4DF0-8623-B2D59FB4E39B}.Release|Any CPU.ActiveCfg = Release|Any CPU
		{ABB634C0-1013-4DF0-8623-B2D59FB4E39B}.Release|Any CPU.Build.0 = Release|Any CPU
		{ABB634C0-1013-4DF0-8623-B2D59FB4E39B}.Release|x64.ActiveCfg = Release|Any CPU
		{ABB634C0-1013-4DF0-8623-B2D59FB4E39B}.Release|x64.Build.0 = Release|Any CPU
		{ABB634C0-1013-4DF0-8623-B2D59FB4E39B}.Release|x86.ActiveCfg = Release|Any CPU
		{ABB634C0-1013-4DF0-8623-B2D59FB4E39B}.Release|x86.Build.0 = Release|Any CPU
		{8C55E575-D65A-4652-9F02-5D2491D8E93B}.Debug|Any CPU.ActiveCfg = Debug|Any CPU
		{8C55E575-D65A-4652-9F02-5D2491D8E93B}.Debug|Any CPU.Build.0 = Debug|Any CPU
		{8C55E575-D65A-4652-9F02-5D2491D8E93B}.Debug|x64.ActiveCfg = Debug|Any CPU
		{8C55E575-D65A-4652-9F02-5D2491D8E93B}.Debug|x64.Build.0 = Debug|Any CPU
		{8C55E575-D65A-4652-9F02-5D2491D8E93B}.Debug|x86.ActiveCfg = Debug|Any CPU
		{8C55E575-D65A-4652-9F02-5D2491D8E93B}.Debug|x86.Build.0 = Debug|Any CPU
		{8C55E575-D65A-4652-9F02-5D2491D8E93B}.Release|Any CPU.ActiveCfg = Release|Any CPU
		{8C55E575-D65A-4652-9F02-5D2491D8E93B}.Release|Any CPU.Build.0 = Release|Any CPU
		{8C55E575-D65A-4652-9F02-5D2491D8E93B}.Release|x64.ActiveCfg = Release|Any CPU
		{8C55E575-D65A-4652-9F02-5D2491D8E93B}.Release|x64.Build.0 = Release|Any CPU
		{8C55E575-D65A-4652-9F02-5D2491D8E93B}.Release|x86.ActiveCfg = Release|Any CPU
		{8C55E575-D65A-4652-9F02-5D2491D8E93B}.Release|x86.Build.0 = Release|Any CPU
		{7E2BBEE4-0E4D-4A18-A3DC-17667F791932}.Debug|Any CPU.ActiveCfg = Debug|Any CPU
		{7E2BBEE4-0E4D-4A18-A3DC-17667F791932}.Debug|Any CPU.Build.0 = Debug|Any CPU
		{7E2BBEE4-0E4D-4A18-A3DC-17667F791932}.Debug|x64.ActiveCfg = Debug|Any CPU
		{7E2BBEE4-0E4D-4A18-A3DC-17667F791932}.Debug|x64.Build.0 = Debug|Any CPU
		{7E2BBEE4-0E4D-4A18-A3DC-17667F791932}.Debug|x86.ActiveCfg = Debug|Any CPU
		{7E2BBEE4-0E4D-4A18-A3DC-17667F791932}.Debug|x86.Build.0 = Debug|Any CPU
		{7E2BBEE4-0E4D-4A18-A3DC-17667F791932}.Release|Any CPU.ActiveCfg = Release|Any CPU
		{7E2BBEE4-0E4D-4A18-A3DC-17667F791932}.Release|Any CPU.Build.0 = Release|Any CPU
		{7E2BBEE4-0E4D-4A18-A3DC-17667F791932}.Release|x64.ActiveCfg = Release|Any CPU
		{7E2BBEE4-0E4D-4A18-A3DC-17667F791932}.Release|x64.Build.0 = Release|Any CPU
		{7E2BBEE4-0E4D-4A18-A3DC-17667F791932}.Release|x86.ActiveCfg = Release|Any CPU
		{7E2BBEE4-0E4D-4A18-A3DC-17667F791932}.Release|x86.Build.0 = Release|Any CPU
		{FA2E5044-DAA6-4F61-ACD5-DCFEDF4F1E8D}.Debug|Any CPU.ActiveCfg = Debug|Any CPU
		{FA2E5044-DAA6-4F61-ACD5-DCFEDF4F1E8D}.Debug|Any CPU.Build.0 = Debug|Any CPU
		{FA2E5044-DAA6-4F61-ACD5-DCFEDF4F1E8D}.Debug|x64.ActiveCfg = Debug|Any CPU
		{FA2E5044-DAA6-4F61-ACD5-DCFEDF4F1E8D}.Debug|x64.Build.0 = Debug|Any CPU
		{FA2E5044-DAA6-4F61-ACD5-DCFEDF4F1E8D}.Debug|x86.ActiveCfg = Debug|Any CPU
		{FA2E5044-DAA6-4F61-ACD5-DCFEDF4F1E8D}.Debug|x86.Build.0 = Debug|Any CPU
		{FA2E5044-DAA6-4F61-ACD5-DCFEDF4F1E8D}.Release|Any CPU.ActiveCfg = Release|Any CPU
		{FA2E5044-DAA6-4F61-ACD5-DCFEDF4F1E8D}.Release|Any CPU.Build.0 = Release|Any CPU
		{FA2E5044-DAA6-4F61-ACD5-DCFEDF4F1E8D}.Release|x64.ActiveCfg = Release|Any CPU
		{FA2E5044-DAA6-4F61-ACD5-DCFEDF4F1E8D}.Release|x64.Build.0 = Release|Any CPU
		{FA2E5044-DAA6-4F61-ACD5-DCFEDF4F1E8D}.Release|x86.ActiveCfg = Release|Any CPU
		{FA2E5044-DAA6-4F61-ACD5-DCFEDF4F1E8D}.Release|x86.Build.0 = Release|Any CPU
		{9826DEE3-7355-48E4-9C68-2121D97CCB17}.Debug|Any CPU.ActiveCfg = Debug|Any CPU
		{9826DEE3-7355-48E4-9C68-2121D97CCB17}.Debug|Any CPU.Build.0 = Debug|Any CPU
		{9826DEE3-7355-48E4-9C68-2121D97CCB17}.Debug|x64.ActiveCfg = Debug|Any CPU
		{9826DEE3-7355-48E4-9C68-2121D97CCB17}.Debug|x64.Build.0 = Debug|Any CPU
		{9826DEE3-7355-48E4-9C68-2121D97CCB17}.Debug|x86.ActiveCfg = Debug|Any CPU
		{9826DEE3-7355-48E4-9C68-2121D97CCB17}.Debug|x86.Build.0 = Debug|Any CPU
		{9826DEE3-7355-48E4-9C68-2121D97CCB17}.Release|Any CPU.ActiveCfg = Release|Any CPU
		{9826DEE3-7355-48E4-9C68-2121D97CCB17}.Release|Any CPU.Build.0 = Release|Any CPU
		{9826DEE3-7355-48E4-9C68-2121D97CCB17}.Release|x64.ActiveCfg = Release|Any CPU
		{9826DEE3-7355-48E4-9C68-2121D97CCB17}.Release|x64.Build.0 = Release|Any CPU
		{9826DEE3-7355-48E4-9C68-2121D97CCB17}.Release|x86.ActiveCfg = Release|Any CPU
		{9826DEE3-7355-48E4-9C68-2121D97CCB17}.Release|x86.Build.0 = Release|Any CPU
		{1AE37793-299F-4238-88D8-DB41429424EA}.Debug|Any CPU.ActiveCfg = Debug|Any CPU
		{1AE37793-299F-4238-88D8-DB41429424EA}.Debug|Any CPU.Build.0 = Debug|Any CPU
		{1AE37793-299F-4238-88D8-DB41429424EA}.Debug|x64.ActiveCfg = Debug|Any CPU
		{1AE37793-299F-4238-88D8-DB41429424EA}.Debug|x64.Build.0 = Debug|Any CPU
		{1AE37793-299F-4238-88D8-DB41429424EA}.Debug|x86.ActiveCfg = Debug|Any CPU
		{1AE37793-299F-4238-88D8-DB41429424EA}.Debug|x86.Build.0 = Debug|Any CPU
		{1AE37793-299F-4238-88D8-DB41429424EA}.Release|Any CPU.ActiveCfg = Release|Any CPU
		{1AE37793-299F-4238-88D8-DB41429424EA}.Release|Any CPU.Build.0 = Release|Any CPU
		{1AE37793-299F-4238-88D8-DB41429424EA}.Release|x64.ActiveCfg = Release|Any CPU
		{1AE37793-299F-4238-88D8-DB41429424EA}.Release|x64.Build.0 = Release|Any CPU
		{1AE37793-299F-4238-88D8-DB41429424EA}.Release|x86.ActiveCfg = Release|Any CPU
		{1AE37793-299F-4238-88D8-DB41429424EA}.Release|x86.Build.0 = Release|Any CPU
		{13496584-258E-438A-B7A9-FF993E5BAC67}.Debug|Any CPU.ActiveCfg = Debug|Any CPU
		{13496584-258E-438A-B7A9-FF993E5BAC67}.Debug|Any CPU.Build.0 = Debug|Any CPU
		{13496584-258E-438A-B7A9-FF993E5BAC67}.Debug|x64.ActiveCfg = Debug|Any CPU
		{13496584-258E-438A-B7A9-FF993E5BAC67}.Debug|x64.Build.0 = Debug|Any CPU
		{13496584-258E-438A-B7A9-FF993E5BAC67}.Debug|x86.ActiveCfg = Debug|Any CPU
		{13496584-258E-438A-B7A9-FF993E5BAC67}.Debug|x86.Build.0 = Debug|Any CPU
		{13496584-258E-438A-B7A9-FF993E5BAC67}.Release|Any CPU.ActiveCfg = Release|Any CPU
		{13496584-258E-438A-B7A9-FF993E5BAC67}.Release|Any CPU.Build.0 = Release|Any CPU
		{13496584-258E-438A-B7A9-FF993E5BAC67}.Release|x64.ActiveCfg = Release|Any CPU
		{13496584-258E-438A-B7A9-FF993E5BAC67}.Release|x64.Build.0 = Release|Any CPU
		{13496584-258E-438A-B7A9-FF993E5BAC67}.Release|x86.ActiveCfg = Release|Any CPU
		{13496584-258E-438A-B7A9-FF993E5BAC67}.Release|x86.Build.0 = Release|Any CPU
		{7BDCB13F-2D52-4B51-9A8E-C4B4F2785BA1}.Debug|Any CPU.ActiveCfg = Debug|Any CPU
		{7BDCB13F-2D52-4B51-9A8E-C4B4F2785BA1}.Debug|Any CPU.Build.0 = Debug|Any CPU
		{7BDCB13F-2D52-4B51-9A8E-C4B4F2785BA1}.Debug|x64.ActiveCfg = Debug|Any CPU
		{7BDCB13F-2D52-4B51-9A8E-C4B4F2785BA1}.Debug|x64.Build.0 = Debug|Any CPU
		{7BDCB13F-2D52-4B51-9A8E-C4B4F2785BA1}.Debug|x86.ActiveCfg = Debug|Any CPU
		{7BDCB13F-2D52-4B51-9A8E-C4B4F2785BA1}.Debug|x86.Build.0 = Debug|Any CPU
		{7BDCB13F-2D52-4B51-9A8E-C4B4F2785BA1}.Release|Any CPU.ActiveCfg = Release|Any CPU
		{7BDCB13F-2D52-4B51-9A8E-C4B4F2785BA1}.Release|Any CPU.Build.0 = Release|Any CPU
		{7BDCB13F-2D52-4B51-9A8E-C4B4F2785BA1}.Release|x64.ActiveCfg = Release|Any CPU
		{7BDCB13F-2D52-4B51-9A8E-C4B4F2785BA1}.Release|x64.Build.0 = Release|Any CPU
		{7BDCB13F-2D52-4B51-9A8E-C4B4F2785BA1}.Release|x86.ActiveCfg = Release|Any CPU
		{7BDCB13F-2D52-4B51-9A8E-C4B4F2785BA1}.Release|x86.Build.0 = Release|Any CPU
		{26EF9F3A-1E9A-4A77-9249-2C25C4D7943D}.Debug|Any CPU.ActiveCfg = Debug|Any CPU
		{26EF9F3A-1E9A-4A77-9249-2C25C4D7943D}.Debug|Any CPU.Build.0 = Debug|Any CPU
		{26EF9F3A-1E9A-4A77-9249-2C25C4D7943D}.Debug|x64.ActiveCfg = Debug|Any CPU
		{26EF9F3A-1E9A-4A77-9249-2C25C4D7943D}.Debug|x64.Build.0 = Debug|Any CPU
		{26EF9F3A-1E9A-4A77-9249-2C25C4D7943D}.Debug|x86.ActiveCfg = Debug|Any CPU
		{26EF9F3A-1E9A-4A77-9249-2C25C4D7943D}.Debug|x86.Build.0 = Debug|Any CPU
		{26EF9F3A-1E9A-4A77-9249-2C25C4D7943D}.Release|Any CPU.ActiveCfg = Release|Any CPU
		{26EF9F3A-1E9A-4A77-9249-2C25C4D7943D}.Release|Any CPU.Build.0 = Release|Any CPU
		{26EF9F3A-1E9A-4A77-9249-2C25C4D7943D}.Release|x64.ActiveCfg = Release|Any CPU
		{26EF9F3A-1E9A-4A77-9249-2C25C4D7943D}.Release|x64.Build.0 = Release|Any CPU
		{26EF9F3A-1E9A-4A77-9249-2C25C4D7943D}.Release|x86.ActiveCfg = Release|Any CPU
		{26EF9F3A-1E9A-4A77-9249-2C25C4D7943D}.Release|x86.Build.0 = Release|Any CPU
		{0974A61B-752F-44E0-93B5-D1F69C1F902D}.Debug|Any CPU.ActiveCfg = Debug|Any CPU
		{0974A61B-752F-44E0-93B5-D1F69C1F902D}.Debug|Any CPU.Build.0 = Debug|Any CPU
		{0974A61B-752F-44E0-93B5-D1F69C1F902D}.Debug|x64.ActiveCfg = Debug|Any CPU
		{0974A61B-752F-44E0-93B5-D1F69C1F902D}.Debug|x64.Build.0 = Debug|Any CPU
		{0974A61B-752F-44E0-93B5-D1F69C1F902D}.Debug|x86.ActiveCfg = Debug|Any CPU
		{0974A61B-752F-44E0-93B5-D1F69C1F902D}.Debug|x86.Build.0 = Debug|Any CPU
		{0974A61B-752F-44E0-93B5-D1F69C1F902D}.Release|Any CPU.ActiveCfg = Release|Any CPU
		{0974A61B-752F-44E0-93B5-D1F69C1F902D}.Release|Any CPU.Build.0 = Release|Any CPU
		{0974A61B-752F-44E0-93B5-D1F69C1F902D}.Release|x64.ActiveCfg = Release|Any CPU
		{0974A61B-752F-44E0-93B5-D1F69C1F902D}.Release|x64.Build.0 = Release|Any CPU
		{0974A61B-752F-44E0-93B5-D1F69C1F902D}.Release|x86.ActiveCfg = Release|Any CPU
		{0974A61B-752F-44E0-93B5-D1F69C1F902D}.Release|x86.Build.0 = Release|Any CPU
		{A0EAD763-34D7-46B0-8EAB-849E93ABA4AF}.Debug|Any CPU.ActiveCfg = Debug|Any CPU
		{A0EAD763-34D7-46B0-8EAB-849E93ABA4AF}.Debug|Any CPU.Build.0 = Debug|Any CPU
		{A0EAD763-34D7-46B0-8EAB-849E93ABA4AF}.Debug|x64.ActiveCfg = Debug|Any CPU
		{A0EAD763-34D7-46B0-8EAB-849E93ABA4AF}.Debug|x64.Build.0 = Debug|Any CPU
		{A0EAD763-34D7-46B0-8EAB-849E93ABA4AF}.Debug|x86.ActiveCfg = Debug|Any CPU
		{A0EAD763-34D7-46B0-8EAB-849E93ABA4AF}.Debug|x86.Build.0 = Debug|Any CPU
		{A0EAD763-34D7-46B0-8EAB-849E93ABA4AF}.Release|Any CPU.ActiveCfg = Release|Any CPU
		{A0EAD763-34D7-46B0-8EAB-849E93ABA4AF}.Release|Any CPU.Build.0 = Release|Any CPU
		{A0EAD763-34D7-46B0-8EAB-849E93ABA4AF}.Release|x64.ActiveCfg = Release|Any CPU
		{A0EAD763-34D7-46B0-8EAB-849E93ABA4AF}.Release|x64.Build.0 = Release|Any CPU
		{A0EAD763-34D7-46B0-8EAB-849E93ABA4AF}.Release|x86.ActiveCfg = Release|Any CPU
		{A0EAD763-34D7-46B0-8EAB-849E93ABA4AF}.Release|x86.Build.0 = Release|Any CPU
		{C82FB58E-ED40-4315-AD26-FF0C10BFD35E}.Debug|Any CPU.ActiveCfg = Debug|Any CPU
		{C82FB58E-ED40-4315-AD26-FF0C10BFD35E}.Debug|Any CPU.Build.0 = Debug|Any CPU
		{C82FB58E-ED40-4315-AD26-FF0C10BFD35E}.Debug|x64.ActiveCfg = Debug|Any CPU
		{C82FB58E-ED40-4315-AD26-FF0C10BFD35E}.Debug|x64.Build.0 = Debug|Any CPU
		{C82FB58E-ED40-4315-AD26-FF0C10BFD35E}.Debug|x86.ActiveCfg = Debug|Any CPU
		{C82FB58E-ED40-4315-AD26-FF0C10BFD35E}.Debug|x86.Build.0 = Debug|Any CPU
		{C82FB58E-ED40-4315-AD26-FF0C10BFD35E}.Release|Any CPU.ActiveCfg = Release|Any CPU
		{C82FB58E-ED40-4315-AD26-FF0C10BFD35E}.Release|Any CPU.Build.0 = Release|Any CPU
		{C82FB58E-ED40-4315-AD26-FF0C10BFD35E}.Release|x64.ActiveCfg = Release|Any CPU
		{C82FB58E-ED40-4315-AD26-FF0C10BFD35E}.Release|x64.Build.0 = Release|Any CPU
		{C82FB58E-ED40-4315-AD26-FF0C10BFD35E}.Release|x86.ActiveCfg = Release|Any CPU
		{C82FB58E-ED40-4315-AD26-FF0C10BFD35E}.Release|x86.Build.0 = Release|Any CPU
		{897D4231-DFB2-4842-A96B-5BF7BEE31569}.Debug|Any CPU.ActiveCfg = Debug|Any CPU
		{897D4231-DFB2-4842-A96B-5BF7BEE31569}.Debug|Any CPU.Build.0 = Debug|Any CPU
		{897D4231-DFB2-4842-A96B-5BF7BEE31569}.Debug|x64.ActiveCfg = Debug|Any CPU
		{897D4231-DFB2-4842-A96B-5BF7BEE31569}.Debug|x64.Build.0 = Debug|Any CPU
		{897D4231-DFB2-4842-A96B-5BF7BEE31569}.Debug|x86.ActiveCfg = Debug|Any CPU
		{897D4231-DFB2-4842-A96B-5BF7BEE31569}.Debug|x86.Build.0 = Debug|Any CPU
		{897D4231-DFB2-4842-A96B-5BF7BEE31569}.Release|Any CPU.ActiveCfg = Release|Any CPU
		{897D4231-DFB2-4842-A96B-5BF7BEE31569}.Release|Any CPU.Build.0 = Release|Any CPU
		{897D4231-DFB2-4842-A96B-5BF7BEE31569}.Release|x64.ActiveCfg = Release|Any CPU
		{897D4231-DFB2-4842-A96B-5BF7BEE31569}.Release|x64.Build.0 = Release|Any CPU
		{897D4231-DFB2-4842-A96B-5BF7BEE31569}.Release|x86.ActiveCfg = Release|Any CPU
		{897D4231-DFB2-4842-A96B-5BF7BEE31569}.Release|x86.Build.0 = Release|Any CPU
		{588293EE-8A05-44C5-9D56-41E57FECC2C4}.Debug|Any CPU.ActiveCfg = Debug|Any CPU
		{588293EE-8A05-44C5-9D56-41E57FECC2C4}.Debug|Any CPU.Build.0 = Debug|Any CPU
		{588293EE-8A05-44C5-9D56-41E57FECC2C4}.Debug|x64.ActiveCfg = Debug|Any CPU
		{588293EE-8A05-44C5-9D56-41E57FECC2C4}.Debug|x64.Build.0 = Debug|Any CPU
		{588293EE-8A05-44C5-9D56-41E57FECC2C4}.Debug|x86.ActiveCfg = Debug|Any CPU
		{588293EE-8A05-44C5-9D56-41E57FECC2C4}.Debug|x86.Build.0 = Debug|Any CPU
		{588293EE-8A05-44C5-9D56-41E57FECC2C4}.Release|Any CPU.ActiveCfg = Release|Any CPU
		{588293EE-8A05-44C5-9D56-41E57FECC2C4}.Release|Any CPU.Build.0 = Release|Any CPU
		{588293EE-8A05-44C5-9D56-41E57FECC2C4}.Release|x64.ActiveCfg = Release|Any CPU
		{588293EE-8A05-44C5-9D56-41E57FECC2C4}.Release|x64.Build.0 = Release|Any CPU
		{588293EE-8A05-44C5-9D56-41E57FECC2C4}.Release|x86.ActiveCfg = Release|Any CPU
		{588293EE-8A05-44C5-9D56-41E57FECC2C4}.Release|x86.Build.0 = Release|Any CPU
	EndGlobalSection
	GlobalSection(SolutionProperties) = preSolution
		HideSolutionNode = FALSE
	EndGlobalSection
	GlobalSection(NestedProjects) = preSolution
		{54D38E8F-8F94-401E-908E-B9D2A1165604} = {0AB3BF05-4346-4AA6-1389-037BE0695223}
		{90298CBA-BD6F-3A0A-69D5-97CAD7B05E7E} = {827E0CD3-B72D-47B6-A68D-7590B98EB39B}
		{9FA46D50-5FF3-4064-9A70-E3BFF5FAD88B} = {90298CBA-BD6F-3A0A-69D5-97CAD7B05E7E}
		{9661A5AC-DE97-47C2-9093-5604E6AB689D} = {90298CBA-BD6F-3A0A-69D5-97CAD7B05E7E}
		{29169503-9CAD-40E4-8687-D64EDB321AAC} = {90298CBA-BD6F-3A0A-69D5-97CAD7B05E7E}
		{916043F0-FFD1-4D0F-948F-B443CE28DD47} = {90298CBA-BD6F-3A0A-69D5-97CAD7B05E7E}
		{65ABFB5D-2B10-DF64-BF12-C17976F8E5D9} = {827E0CD3-B72D-47B6-A68D-7590B98EB39B}
		{9A1656C9-6B19-43E5-96DD-50EBFE428307} = {65ABFB5D-2B10-DF64-BF12-C17976F8E5D9}
		{526E9F27-0DE4-4A9B-B43C-80CBAFED5486} = {65ABFB5D-2B10-DF64-BF12-C17976F8E5D9}
		{87FD785C-25B1-4B69-93A1-174B12789646} = {65ABFB5D-2B10-DF64-BF12-C17976F8E5D9}
		{AE156C2D-CEB6-2932-52E1-7BB3F5577BA2} = {827E0CD3-B72D-47B6-A68D-7590B98EB39B}
		{A58477B4-4464-423A-AA1A-FC57CD87C9D4} = {AE156C2D-CEB6-2932-52E1-7BB3F5577BA2}
		{ABB634C0-1013-4DF0-8623-B2D59FB4E39B} = {AE156C2D-CEB6-2932-52E1-7BB3F5577BA2}
		{8C55E575-D65A-4652-9F02-5D2491D8E93B} = {AE156C2D-CEB6-2932-52E1-7BB3F5577BA2}
		{7543EF87-2A12-D9F5-3A53-948826DFDDD9} = {827E0CD3-B72D-47B6-A68D-7590B98EB39B}
		{7E2BBEE4-0E4D-4A18-A3DC-17667F791932} = {7543EF87-2A12-D9F5-3A53-948826DFDDD9}
		{FA2E5044-DAA6-4F61-ACD5-DCFEDF4F1E8D} = {7543EF87-2A12-D9F5-3A53-948826DFDDD9}
		{9826DEE3-7355-48E4-9C68-2121D97CCB17} = {7543EF87-2A12-D9F5-3A53-948826DFDDD9}
		{45BE73D8-A922-BF65-E93E-EB66F4095ABC} = {827E0CD3-B72D-47B6-A68D-7590B98EB39B}
		{1AE37793-299F-4238-88D8-DB41429424EA} = {45BE73D8-A922-BF65-E93E-EB66F4095ABC}
		{13496584-258E-438A-B7A9-FF993E5BAC67} = {45BE73D8-A922-BF65-E93E-EB66F4095ABC}
		{7BDCB13F-2D52-4B51-9A8E-C4B4F2785BA1} = {45BE73D8-A922-BF65-E93E-EB66F4095ABC}
		{0DC9AC03-3566-2880-CCA1-BCAAB3E088B1} = {827E0CD3-B72D-47B6-A68D-7590B98EB39B}
		{26EF9F3A-1E9A-4A77-9249-2C25C4D7943D} = {0DC9AC03-3566-2880-CCA1-BCAAB3E088B1}
		{0974A61B-752F-44E0-93B5-D1F69C1F902D} = {0DC9AC03-3566-2880-CCA1-BCAAB3E088B1}
		{A0EAD763-34D7-46B0-8EAB-849E93ABA4AF} = {0DC9AC03-3566-2880-CCA1-BCAAB3E088B1}
		{A504C204-FD22-942F-D65C-55CCF1DF20A3} = {827E0CD3-B72D-47B6-A68D-7590B98EB39B}
		{C82FB58E-ED40-4315-AD26-FF0C10BFD35E} = {A504C204-FD22-942F-D65C-55CCF1DF20A3}
		{897D4231-DFB2-4842-A96B-5BF7BEE31569} = {A504C204-FD22-942F-D65C-55CCF1DF20A3}
		{588293EE-8A05-44C5-9D56-41E57FECC2C4} = {A504C204-FD22-942F-D65C-55CCF1DF20A3}
	EndGlobalSection
EndGlobal
